{
  "version": "5",
  "specifiers": {
    "jsr:@std/assert@1": "1.0.19",
    "jsr:@std/internal@^1.0.12": "1.0.14",
    "npm:@anthropic-ai/sdk@0.132.1": "0.132.1",
    "npm:@supabase/supabase-js@2": "2.117.3"
  },
  "jsr": {
    "@std/assert@1.0.19": {
      "integrity": "eaada96ee120cb980bc47e040f82814d786fe8162ecc53c91d8df60b8755991e",
      "dependencies": [
        "jsr:@std/internal"
      ]
    },
    "@std/internal@1.0.14": {
      "integrity": "291516b3d4c35024d6ffbc0a9df5bf4c64116e05b50012cf846710152d2ffdf7"
    }
  },
  "npm": {
    "@anthropic-ai/sdk@0.132.1": {
      "integrity": "sha512-Dg+Rd0effi+4FyNwgEx6JXl9COefsZ3C7BOPSKYIWboQOEIi9HXtu1WBdND0DIgMF7Qt1vuCSjsbs7sjUkzJuQ==",
      "dependencies": [
        "json-schema-to-ts",
        "standardwebhooks"
      ],
      "bin": true
    },
    "@babel/runtime@7.29.10": {
      "integrity": "sha512-NpugTzbKgGrNe45Ui32cN8vCFFMxVtP/9rtfwv0nP5FRDAjvYBxJcLVpYA9mr1jxP6cnIT7x9LUzuDTbWYYNRA=="
    },
    "@stablelib/base64@1.0.1": {
      "integrity": "sha512-1bnPQqSxSuc3Ii6MhBysoWCg58j97aUjuCSZrGSmDxNqtytIi0k8utUenAwTZN4V5mXXYGsVUI9zeBqy+jBOSQ=="
    },
    "@supabase/auth-js@2.117.3": {
      "integrity": "sha512-XOZV+jllcU2Hzij8SwgM78zl0lOEr6BTjzi2MYkBb39nOAQzb5AelGpMUvVj7lwGSB11JmpAs/FEQroAyFzWEA==",
      "dependencies": [
        "tslib"
      ]
    },
    "@supabase/functions-js@2.117.3": {
      "integrity": "sha512-6GuizbP4N5xWaxEVUsI+UQpJdmMmn0t3sYNpObo9gCAldvM22gFjnYzRVmkHxp5ylU21azEYmiWVwk9iDgCMkQ==",
      "dependencies": [
        "tslib"
      ]
    },
    "@supabase/phoenix@0.4.5": {
      "integrity": "sha512-aAn9H9ovVyeApKy11OWOrrOGq8DV68yWeH4ud2lN9fzn4aO8Zb5GLL9m1pUg9nLqIcT+ZDfAcsZe0E/nqdv2lw=="
    },
    "@supabase/postgrest-js@2.117.3": {
      "integrity": "sha512-NpyTgullu6tw11ojYKTdZg9HannZ4mu4FUlhc9V5zDXOVllUJzEmuyLM+WWoYF0BurfrRvarimpm3SR8P0Gzfw==",
      "dependencies": [
        "tslib"
      ]
    },
    "@supabase/realtime-js@2.117.3": {
      "integrity": "sha512-4W4ISbreRygNXbhwqxeqyuRul8RPx+SF+Hp2IT8wctebQEHSVCULfKatiRiEhmasfoXvYm2AHV4XFsOxhoousA==",
      "dependencies": [
        "@supabase/phoenix",
        "tslib"
      ]
    },
    "@supabase/storage-js@2.117.3": {
      "integrity": "sha512-QhUxFC33Crlw6WDeA4hLADdi1PzjI3c4UJs7ivWHHEnU7ulmCWEZSDaRCuIfmsjUwbHYaIfRNFQNsm+IsGYS6w==",
      "dependencies": [
        "iceberg-js",
        "tslib"
      ]
    },
    "@supabase/supabase-js@2.117.3": {
      "integrity": "sha512-K+f8PimXDunPWQ63CKRXaF5pbVPJxmfw5ryAnh0s9S9PkwcuqBjiSpIaqpF7KLDljeYwXIL85ST8QxaO0+XuvA==",
      "dependencies": [
        "@supabase/auth-js",
        "@supabase/functions-js",
        "@supabase/postgrest-js",
        "@supabase/realtime-js",
        "@supabase/storage-js"
      ]
    },
    "fast-sha256@1.3.0": {
      "integrity": "sha512-n11RGP/lrWEFI/bWdygLxhI+pVeo1ZYIVwvvPkW7azl/rOy+F3HYRZ2K5zeE9mmkhQppyv9sQFx0JM9UabnpPQ=="
    },
    "iceberg-js@0.8.1": {
      "integrity": "sha512-1dhVQZXhcHje7798IVM+xoo/1ZdVfzOMIc8/rgVSijRK38EDqOJoGula9N/8ZI5RD8QTxNQtK/Gozpr+qUqRRA=="
    },
    "json-schema-to-ts@3.1.1": {
      "integrity": "sha512-+DWg8jCJG2TEnpy7kOm/7/AxaYoaRbjVB4LFZLySZlWn8exGs3A4OLJR966cVvU26N7X9TWxl+Jsw7dzAqKT6g==",
      "dependencies": [
        "@babel/runtime",
        "ts-algebra"
      ]
    },
    "standardwebhooks@1.1.1": {
      "integrity": "sha512-bCbX9ZEyFkWPsRz7Bl3NuQUJohmwGSev/yhr7vhaGPlc4AfIrspIRa6cPTBuI1ItmrTDJ4d/S2hCsfe4+vQGnQ==",
      "dependencies": [
        "@stablelib/base64",
        "fast-sha256"
      ]
    },
    "ts-algebra@2.0.0": {
      "integrity": "sha512-FPAhNPFMrkwz76P7cdjdmiShwMynZYN6SgOujD1urY4oNm80Ou9oMdmbR45LotcKOXoy7wSmHkRFE6Mxbrhefw=="
    },
    "tslib@2.8.1": {
      "integrity": "sha512-oJFu94HQb+KVduSUQL7wnpmqnfmLsOA/nAh6b6EH0wCEoK0/mPeXU6c3wKDV83MkOuHPRHtSXKKU99IBazS/2w=="
    }
  }
}
